{
  "version": 4,
  "terraform_version": "1.11.1",
  "serial": 12,
  "lineage": "d9e41323-94a4-66c4-4bef-34cc1a6793ef",
  "outputs": {
    "instance_id": {
      "value": "i-02b36f59929aa31b9",
      "type": "string"
    },
    "public_ip": {
      "value": "3.78.242.106",
      "type": "string"
    }
  },
  "resources": [
    {
      "mode": "managed",
      "type": "aws_instance",
      "name": "web",
      "provider": "provider[\"registry.terraform.io/hashicorp/aws\"]",
      "instances": [
        {
          "schema_version": 2,
          "attributes": {
            "ami": "ami-09191d47657c9691a",
            "arn": "arn:aws:ec2:eu-central-1:739133790707:instance/i-02b36f59929aa31b9",
            "associate_public_ip_address": true,
            "availability_zone": "eu-central-1b",
            "capacity_reservation_specification": [
              {
                "capacity_reservation_preference": "open",
                "capacity_reservation_target": []
              }
            ],
            "cpu_options": [
              {
                "amd_sev_snp": "",
                "core_count": 1,
                "threads_per_core": 2
              }
            ],
            "credit_specification": [
              {
                "cpu_credits": "unlimited"
              }
            ],
            "disable_api_stop": false,
            "disable_api_termination": false,
            "ebs_block_device": [],
            "ebs_optimized": false,
            "enable_primary_ipv6": null,
            "enclave_options": [
              {
                "enabled": false
              }
            ],
            "ephemeral_block_device": [],
            "get_password_data": false,
            "hibernation": false,
            "host_id": "",
            "host_resource_group_arn": null,
            "iam_instance_profile": "",
            "id": "i-02b36f59929aa31b9",
            "instance_initiated_shutdown_behavior": "stop",
            "instance_lifecycle": "",
            "instance_market_options": [],
            "instance_state": "running",
            "instance_type": "t3.micro",
            "ipv6_address_count": 0,
            "ipv6_addresses": [],
            "key_name": "deployer-key",
            "launch_template": [],
            "maintenance_options": [
              {
                "auto_recovery": "default"
              }
            ],
            "metadata_options": [
              {
                "http_endpoint": "enabled",
                "http_protocol_ipv6": "disabled",
                "http_put_response_hop_limit": 2,
                "http_tokens": "required",
                "instance_metadata_tags": "disabled"
              }
            ],
            "monitoring": false,
            "network_interface": [],
            "outpost_arn": "",
            "password_data": "",
            "placement_group": "",
            "placement_partition_number": 0,
            "primary_network_interface_id": "eni-0672b6069316783e1",
            "private_dns": "ip-172-31-42-63.eu-central-1.compute.internal",
            "private_dns_name_options": [
              {
                "enable_resource_name_dns_a_record": false,
                "enable_resource_name_dns_aaaa_record": false,
                "hostname_type": "ip-name"
              }
            ],
            "private_ip": "172.31.42.63",
            "public_dns": "ec2-3-78-242-106.eu-central-1.compute.amazonaws.com",
            "public_ip": "3.78.242.106",
            "region": "eu-central-1",
            "root_block_device": [
              {
                "delete_on_termination": true,
                "device_name": "/dev/xvda",
                "encrypted": false,
                "iops": 3000,
                "kms_key_id": "",
                "tags": {},
                "tags_all": {},
                "throughput": 125,
                "volume_id": "vol-0ae78065446fc081f",
                "volume_size": 8,
                "volume_type": "gp3"
              }
            ],
            "secondary_private_ips": [],
            "security_groups": [
              "default"
            ],
            "source_dest_check": true,
            "spot_instance_request_id": "",
            "subnet_id": "subnet-0f9c896823a781c08",
            "tags": {
              "Environment": "dev",
              "Name": "HelloWorld"
            },
            "tags_all": {
              "Environment": "dev",
              "Name": "HelloWorld"
            },
            "tenancy": "default",
            "timeouts": null,
            "user_data": "    #!/bin/bash\n\n    yum update -y\n\n    yum install httpd -y\n\n    service httpd start\n\n    chkconfig httpd on\n\n    cd /var/www/html\n\n    echo \"\u003chtml\u003e\u003ch1\u003eHello Cloud Gurus Welcome To My Webpage\u003c/h1\u003e\u003c/html\u003e\" \u003e    index.html\n",
            "user_data_base64": null,
            "user_data_replace_on_change": false,
            "volume_tags": null,
            "vpc_security_group_ids": [
              "sg-0463c19e23369b75b"
            ]
          },
          "sensitive_attributes": [],
          "private": "eyJlMmJmYjczMC1lY2FhLTExZTYtOGY4OC0zNDM2M2JjN2M0YzAiOnsiY3JlYXRlIjo2MDAwMDAwMDAwMDAsImRlbGV0ZSI6MTIwMDAwMDAwMDAwMCwicmVhZCI6OTAwMDAwMDAwMDAwLCJ1cGRhdGUiOjYwMDAwMDAwMDAwMH0sInNjaGVtYV92ZXJzaW9uIjoiMiJ9",
          "dependencies": [
            "aws_key_pair.deployer"
          ]
        }
      ]
    },
    {
      "mode": "managed",
      "type": "aws_key_pair",
      "name": "deployer",
      "provider": "provider[\"registry.terraform.io/hashicorp/aws\"]",
      "instances": [
        {
          "schema_version": 1,
          "attributes": {
            "arn": "arn:aws:ec2:eu-central-1:739133790707:key-pair/deployer-key",
            "fingerprint": "a2:8f:ad:de:85:2e:a5:b9:77:09:0b:67:ae:6f:da:60",
            "id": "deployer-key",
            "key_name": "deployer-key",
            "key_name_prefix": "",
            "key_pair_id": "key-04d22e24d7761d897",
            "key_type": "rsa",
            "public_key": "ssh-rsa AAAAB3NzaC1yc2EAAAADAQABAAABgQDDx1coOsFI4CvGssZuy6p9fwl/7ASc0HbzwP8zXbh/y7UJTC4VxNH4FIVHSjWbMTTG69js7A/ytpboA0mwpli4Nl2wYnKq45mxsRGtf8/2xqKelRVSwpL+wONFCmcwxJUyi9c9n+inxDeKUKcsU7ovI6zrXbGWL7LvCQnS5PUsoR91vm672fuFDFxeOLlDZovNZlt4ZqvANYCwqkcPCfh9kh5pAOJm65edPWGfIdBqp9jVhjF/TwQJtyeh0WDcXKRESHA1tpJXrDl+Bw4muYv7Is/yBdClAdAkKfqJizOuQZdRnLsXpWcKGYRN4j/lrXtY9C9JbAhbqtxgZlC+8/otV/fnWzWDkQITWGl6l0fW2omPhSREoCdSy2pJ1Gg1j216AVDaw5GhbQ2dQpdBDdOF7kVv07/nPD0EW/O5ipOciEBl4m4LIjWyt2k+HbJMTjOPL6ViMNLrMwy/hraJme5iFchmrsX637pE2mmJi8NJntgxnDWVItPw89rG/chHy0U= petrch@petrch-vm",
            "region": "eu-central-1",
            "tags": {},
            "tags_all": {}
          },
          "sensitive_attributes": [],
          "private": "eyJzY2hlbWFfdmVyc2lvbiI6IjEifQ=="
        }
      ]
    }
  ],
  "check_results": null
}
